{
  "name": "@roleypoly/rpc",
  "version": "3.0.0-alpha.6",
  "lockfileVersion": 1,
  "requires": true,
  "dependencies": {
    "@improbable-eng/grpc-web": {
      "version": "0.11.0",
      "resolved": "https://registry.npmjs.org/@improbable-eng/grpc-web/-/grpc-web-0.11.0.tgz",
      "integrity": "sha512-SS2YP6iHyZ7TSSuCShnSo9xJyUkNZHEhEPJpTSUcNoULe1LuLEk52OKHY+VW9XB0qXstejpHgZq2Hx+69PThiw==",
      "requires": {
        "browser-headers": "^0.4.0"
      }
    },
    "@roleypoly/ts-protoc-gen": {
      "version": "1.0.1-promises.1",
      "resolved": "https://registry.npmjs.org/@roleypoly/ts-protoc-gen/-/ts-protoc-gen-1.0.1-promises.1.tgz",
      "integrity": "sha512-I9OLiFRusAFH3uYG186BzheXNiEMKr9HpLUD1/Q4/gYNH+LwJhDAdBrHSXoi/beTq/MLomtjPxvjfOzl46996g==",
      "dev": true,
      "requires": {
        "google-protobuf": "^3.6.1"
      },
      "dependencies": {
        "google-protobuf": {
          "version": "3.9.1",
          "resolved": "https://registry.npmjs.org/google-protobuf/-/google-protobuf-3.9.1.tgz",
          "integrity": "sha512-tkz7SVwBktFbqFK3teXFUY/VM57+mbUgV9bSD+sZH1ocHJ7uk7BfEWMRdU24dd0ciUDokreA7ghH2fYFIczQdw==",
          "dev": true
        }
      }
    },
    "@types/google-protobuf": {
      "version": "3.7.1",
      "resolved": "https://registry.npmjs.org/@types/google-protobuf/-/google-protobuf-3.7.1.tgz",
      "integrity": "sha512-kiLxbqoi2C7NmkGj1ZpkSDyIqj4vqDEIjx7wX+O0GXV6bLX6u/oLz49CwefD0c0vzaKeBdOqmUtI8bC0bBRr0w==",
      "dev": true
    },
    "browser-headers": {
      "version": "0.4.1",
      "resolved": "https://registry.npmjs.org/browser-headers/-/browser-headers-0.4.1.tgz",
      "integrity": "sha512-CA9hsySZVo9371qEHjHZtYxV2cFtVj5Wj/ZHi8ooEsrtm4vOnl9Y9HmyYWk9q+05d7K3rdoAE0j3MVEFVvtQtg=="
    },
    "google-protobuf": {
      "version": "3.10.0-rc.1",
      "resolved": "https://registry.npmjs.org/google-protobuf/-/google-protobuf-3.10.0-rc.1.tgz",
      "integrity": "sha512-tgpGwjqSYtHGpTaYBWUnf+T4CE+cjzLLFtouU4Y4iZn3VPiwwQfl/BGq3NzoGQnDqvFTqP9OE68lPwcUNwgdwQ=="
    }
  }
}
