{
  "name": "@roleypoly/rpc",
  "version": "3.0.0-alpha.13",
  "lockfileVersion": 1,
  "requires": true,
  "dependencies": {
    "@improbable-eng/grpc-web": {
      "version": "0.11.0",
      "resolved": "https://registry.npmjs.org/@improbable-eng/grpc-web/-/grpc-web-0.11.0.tgz",
      "integrity": "sha512-SS2YP6iHyZ7TSSuCShnSo9xJyUkNZHEhEPJpTSUcNoULe1LuLEk52OKHY+VW9XB0qXstejpHgZq2Hx+69PThiw==",
      "requires": {
        "browser-headers": "^0.4.0"
      }
    },
    "@roleypoly/ts-protoc-gen": {
      "version": "1.0.1-promises.1",
      "resolved": "https://registry.npmjs.org/@roleypoly/ts-protoc-gen/-/ts-protoc-gen-1.0.1-promises.1.tgz",
      "integrity": "sha512-I9OLiFRusAFH3uYG186BzheXNiEMKr9HpLUD1/Q4/gYNH+LwJhDAdBrHSXoi/beTq/MLomtjPxvjfOzl46996g==",
      "dev": true,
      "requires": {
        "google-protobuf": "^3.6.1"
      }
    },
    "@types/google-protobuf": {
      "version": "3.7.2",
      "resolved": "https://registry.npmjs.org/@types/google-protobuf/-/google-protobuf-3.7.2.tgz",
      "integrity": "sha512-ifFemzjNchFBCtHS6bZNhSZCBu7tbtOe0e8qY0z2J4HtFXmPJjm6fXSaQsTG7yhShBEZtt2oP/bkwu5k+emlkQ==",
      "dev": true
    },
    "browser-headers": {
      "version": "0.4.1",
      "resolved": "https://registry.npmjs.org/browser-headers/-/browser-headers-0.4.1.tgz",
      "integrity": "sha512-CA9hsySZVo9371qEHjHZtYxV2cFtVj5Wj/ZHi8ooEsrtm4vOnl9Y9HmyYWk9q+05d7K3rdoAE0j3MVEFVvtQtg=="
    },
    "google-protobuf": {
      "version": "3.11.1",
      "resolved": "https://registry.npmjs.org/google-protobuf/-/google-protobuf-3.11.1.tgz",
      "integrity": "sha512-1fdyssLSa7Dip+MDdluLl0uK+2rspgU1PrbdPJKt7hywqSl3+R27TkLYKuBn9dvOyr0VQ0cliQWlfMheW5WKqA=="
    },
    "typescript": {
      "version": "3.7.2",
      "resolved": "https://registry.npmjs.org/typescript/-/typescript-3.7.2.tgz",
      "integrity": "sha512-ml7V7JfiN2Xwvcer+XAf2csGO1bPBdRbFCkYBczNZggrBZ9c7G3riSUeJmqEU5uOtXNPMhE3n+R4FA/3YOAWOQ==",
      "dev": true
    }
  }
}
