# THIS IS AN AUTOGENERATED FILE. DO NOT EDIT THIS FILE DIRECTLY.
# yarn lockfile v1


"@improbable-eng/grpc-web@0.11.0":
  version "0.11.0"
  resolved "https://registry.yarnpkg.com/@improbable-eng/grpc-web/-/grpc-web-0.11.0.tgz#c9d4097b4a947384e3dc0234299d910668a6e7ad"
  integrity sha512-SS2YP6iHyZ7TSSuCShnSo9xJyUkNZHEhEPJpTSUcNoULe1LuLEk52OKHY+VW9XB0qXstejpHgZq2Hx+69PThiw==
  dependencies:
    browser-headers "^0.4.0"

"@roleypoly/ts-protoc-gen@^1.0.1-promises.1":
  version "1.0.1-promises.1"
  resolved "https://registry.yarnpkg.com/@roleypoly/ts-protoc-gen/-/ts-protoc-gen-1.0.1-promises.1.tgz#6102bb3539d3100957ad54df474bce8ea915aa45"
  integrity sha512-I9OLiFRusAFH3uYG186BzheXNiEMKr9HpLUD1/Q4/gYNH+LwJhDAdBrHSXoi/beTq/MLomtjPxvjfOzl46996g==
  dependencies:
    google-protobuf "^3.6.1"

"@types/google-protobuf@3.7.1":
  version "3.7.1"
  resolved "https://registry.yarnpkg.com/@types/google-protobuf/-/google-protobuf-3.7.1.tgz#69503856e717a4ed2fd0216d4aa3f0bebf5df5df"
  integrity sha512-kiLxbqoi2C7NmkGj1ZpkSDyIqj4vqDEIjx7wX+O0GXV6bLX6u/oLz49CwefD0c0vzaKeBdOqmUtI8bC0bBRr0w==

browser-headers@^0.4.0:
  version "0.4.1"
  resolved "https://registry.yarnpkg.com/browser-headers/-/browser-headers-0.4.1.tgz#4308a7ad3b240f4203dbb45acedb38dc2d65dd02"
  integrity sha512-CA9hsySZVo9371qEHjHZtYxV2cFtVj5Wj/ZHi8ooEsrtm4vOnl9Y9HmyYWk9q+05d7K3rdoAE0j3MVEFVvtQtg==

google-protobuf@3.10.0-rc.1:
  version "3.10.0-rc.1"
  resolved "https://registry.yarnpkg.com/google-protobuf/-/google-protobuf-3.10.0-rc.1.tgz#801b5716241a0b93f12e72d722160e3e8cfaba9e"
  integrity sha512-tgpGwjqSYtHGpTaYBWUnf+T4CE+cjzLLFtouU4Y4iZn3VPiwwQfl/BGq3NzoGQnDqvFTqP9OE68lPwcUNwgdwQ==

google-protobuf@^3.6.1:
  version "3.9.1"
  resolved "https://registry.yarnpkg.com/google-protobuf/-/google-protobuf-3.9.1.tgz#87e6a16b7fb16405b515a6c6622d5ace45578d86"
  integrity sha512-tkz7SVwBktFbqFK3teXFUY/VM57+mbUgV9bSD+sZH1ocHJ7uk7BfEWMRdU24dd0ciUDokreA7ghH2fYFIczQdw==
